
Microsoft Visual Studio Solution File, Format Version 12.00
# Visual Studio 15
VisualStudioVersion = 15.0.27130.0
MinimumVisualStudioVersion = 10.0.40219.1
Project("{FAE04EC0-301F-11D3-BF4B-00C04F79EFBC}") = "TaskPerson", "TaskPerson\TaskPerson.csproj", "{2D3E94C8-5136-4ED9-8F8B-2ACE785BA9BF}"
EndProject
Global
	GlobalSection(SolutionConfigurationPlatforms) = preSolution
		Debug|Any CPU = Debug|Any CPU
		Release|Any CPU = Release|Any CPU
	EndGlobalSection
	GlobalSection(ProjectConfigurationPlatforms) = postSolution
		{2D3E94C8-5136-4ED9-8F8B-2ACE785BA9BF}.Debug|Any CPU.ActiveCfg = Debug|Any CPU
		{2D3E94C8-5136-4ED9-8F8B-2ACE785BA9BF}.Debug|Any CPU.Build.0 = Debug|Any CPU
		{2D3E94C8-5136-4ED9-8F8B-2ACE785BA9BF}.Release|Any CPU.ActiveCfg = Release|Any CPU
		{2D3E94C8-5136-4ED9-8F8B-2ACE785BA9BF}.Release|Any CPU.Build.0 = Release|Any CPU
	EndGlobalSection
	GlobalSection(SolutionProperties) = preSolution
		HideSolutionNode = FALSE
	EndGlobalSection
	GlobalSection(ExtensibilityGlobals) = postSolution
		SolutionGuid = {8BA80E04-508D-421E-BE94-FD74FEF563F7}
	EndGlobalSection
EndGlobal
